
Microsoft Visual Studio Solution File, Format Version 12.00
# Visual Studio Version 16
VisualStudioVersion = 16.0.29609.76
MinimumVisualStudioVersion = 10.0.40219.1
Project("{9A19103F-16F7-4668-BE54-9A1E7A4F7556}") = "12122019_GraphCalendarReader_Test", "12122019_GraphCalendarReader_Test\12122019_GraphCalendarReader_Test.csproj", "{EB6CC9E6-5AA5-4059-8670-07ECD85801A7}"
EndProject
Global
	GlobalSection(SolutionConfigurationPlatforms) = preSolution
		Debug|Any CPU = Debug|Any CPU
		Release|Any CPU = Release|Any CPU
	EndGlobalSection
	GlobalSection(ProjectConfigurationPlatforms) = postSolution
		{EB6CC9E6-5AA5-4059-8670-07ECD85801A7}.Debug|Any CPU.ActiveCfg = Debug|Any CPU
		{EB6CC9E6-5AA5-4059-8670-07ECD85801A7}.Debug|Any CPU.Build.0 = Debug|Any CPU
		{EB6CC9E6-5AA5-4059-8670-07ECD85801A7}.Release|Any CPU.ActiveCfg = Release|Any CPU
		{EB6CC9E6-5AA5-4059-8670-07ECD85801A7}.Release|Any CPU.Build.0 = Release|Any CPU
	EndGlobalSection
	GlobalSection(SolutionProperties) = preSolution
		HideSolutionNode = FALSE
	EndGlobalSection
	GlobalSection(ExtensibilityGlobals) = postSolution
		SolutionGuid = {BE37F3AB-40A6-4EA2-9947-EDBDF9418E96}
	EndGlobalSection
EndGlobal
